// !$*UTF8*$!
{
	archiveVersion = 1;
	classes = {
	};
	objectVersion = 56;
	objects = {

/* Begin PBXBuildFile section */
		560BD0952CBD2D4700DC728F /* PhysicsCategory.swift in Sources */ = {isa = PBXBuildFile; fileRef = 560BD0942CBD2D4700DC728F /* PhysicsCategory.swift */; };
		560BD0972CBD2D5D00DC728F /* Constants.swift in Sources */ = {isa = PBXBuildFile; fileRef = 560BD0962CBD2D5D00DC728F /* Constants.swift */; };
		560BD0992CBD2D7100DC728F /* GameObjectSpawner.swift in Sources */ = {isa = PBXBuildFile; fileRef = 560BD0982CBD2D7100DC728F /* GameObjectSpawner.swift */; };
		560BD09B2CBD2D8100DC728F /* CollisionHandler.swift in Sources */ = {isa = PBXBuildFile; fileRef = 560BD09A2CBD2D8100DC728F /* CollisionHandler.swift */; };
		560BD09D2CBD2D9500DC728F /* MainMenu.swift in Sources */ = {isa = PBXBuildFile; fileRef = 560BD09C2CBD2D9500DC728F /* MainMenu.swift */; };
		560BD09F2CBD2EF800DC728F /* HUD.swift in Sources */ = {isa = PBXBuildFile; fileRef = 560BD09E2CBD2EF800DC728F /* HUD.swift */; };
		560BD0A12CBD2F5400DC728F /* Ship.swift in Sources */ = {isa = PBXBuildFile; fileRef = 560BD0A02CBD2F5400DC728F /* Ship.swift */; };
		560BD0A32CBD2F8B00DC728F /* LadderBoard.swift in Sources */ = {isa = PBXBuildFile; fileRef = 560BD0A22CBD2F8B00DC728F /* LadderBoard.swift */; };
		560BD0A72CBD317A00DC728F /* FuelBonus.swift in Sources */ = {isa = PBXBuildFile; fileRef = 560BD0A62CBD317A00DC728F /* FuelBonus.swift */; };
		561B68BC2CA01E9400CE0C88 /* AppDelegate.swift in Sources */ = {isa = PBXBuildFile; fileRef = 561B68BB2CA01E9400CE0C88 /* AppDelegate.swift */; };
		561B68BE2CA01E9500CE0C88 /* GameScene.sks in Resources */ = {isa = PBXBuildFile; fileRef = 561B68BD2CA01E9500CE0C88 /* GameScene.sks */; };
		561B68C02CA01E9500CE0C88 /* Actions.sks in Resources */ = {isa = PBXBuildFile; fileRef = 561B68BF2CA01E9500CE0C88 /* Actions.sks */; };
		561B68C22CA01E9500CE0C88 /* GameScene.swift in Sources */ = {isa = PBXBuildFile; fileRef = 561B68C12CA01E9500CE0C88 /* GameScene.swift */; };
		561B68C42CA01E9500CE0C88 /* GameViewController.swift in Sources */ = {isa = PBXBuildFile; fileRef = 561B68C32CA01E9500CE0C88 /* GameViewController.swift */; };
		561B68C72CA01E9500CE0C88 /* Main.storyboard in Resources */ = {isa = PBXBuildFile; fileRef = 561B68C52CA01E9500CE0C88 /* Main.storyboard */; };
		561B68C92CA01E9700CE0C88 /* Assets.xcassets in Resources */ = {isa = PBXBuildFile; fileRef = 561B68C82CA01E9700CE0C88 /* Assets.xcassets */; };
		561B68CC2CA01E9700CE0C88 /* LaunchScreen.storyboard in Resources */ = {isa = PBXBuildFile; fileRef = 561B68CA2CA01E9700CE0C88 /* LaunchScreen.storyboard */; };
/* End PBXBuildFile section */

/* Begin PBXFileReference section */
		560BD0942CBD2D4700DC728F /* PhysicsCategory.swift */ = {isa = PBXFileReference; lastKnownFileType = sourcecode.swift; path = PhysicsCategory.swift; sourceTree = "<group>"; };
		560BD0962CBD2D5D00DC728F /* Constants.swift */ = {isa = PBXFileReference; lastKnownFileType = sourcecode.swift; path = Constants.swift; sourceTree = "<group>"; };
		560BD0982CBD2D7100DC728F /* GameObjectSpawner.swift */ = {isa = PBXFileReference; lastKnownFileType = sourcecode.swift; path = GameObjectSpawner.swift; sourceTree = "<group>"; };
		560BD09A2CBD2D8100DC728F /* CollisionHandler.swift */ = {isa = PBXFileReference; lastKnownFileType = sourcecode.swift; path = CollisionHandler.swift; sourceTree = "<group>"; };
		560BD09C2CBD2D9500DC728F /* MainMenu.swift */ = {isa = PBXFileReference; lastKnownFileType = sourcecode.swift; path = MainMenu.swift; sourceTree = "<group>"; };
		560BD09E2CBD2EF800DC728F /* HUD.swift */ = {isa = PBXFileReference; lastKnownFileType = sourcecode.swift; path = HUD.swift; sourceTree = "<group>"; };
		560BD0A02CBD2F5400DC728F /* Ship.swift */ = {isa = PBXFileReference; lastKnownFileType = sourcecode.swift; path = Ship.swift; sourceTree = "<group>"; };
		560BD0A22CBD2F8B00DC728F /* LadderBoard.swift */ = {isa = PBXFileReference; lastKnownFileType = sourcecode.swift; path = LadderBoard.swift; sourceTree = "<group>"; };
		560BD0A62CBD317A00DC728F /* FuelBonus.swift */ = {isa = PBXFileReference; lastKnownFileType = sourcecode.swift; path = FuelBonus.swift; sourceTree = "<group>"; };
		561B68B82CA01E9400CE0C88 /* Space Dodger.app */ = {isa = PBXFileReference; explicitFileType = wrapper.application; includeInIndex = 0; path = "Space Dodger.app"; sourceTree = BUILT_PRODUCTS_DIR; };
		561B68BB2CA01E9400CE0C88 /* AppDelegate.swift */ = {isa = PBXFileReference; lastKnownFileType = sourcecode.swift; path = AppDelegate.swift; sourceTree = "<group>"; };
		561B68BD2CA01E9500CE0C88 /* GameScene.sks */ = {isa = PBXFileReference; lastKnownFileType = file.sks; path = GameScene.sks; sourceTree = "<group>"; };
		561B68BF2CA01E9500CE0C88 /* Actions.sks */ = {isa = PBXFileReference; lastKnownFileType = file.sks; path = Actions.sks; sourceTree = "<group>"; };
		561B68C12CA01E9500CE0C88 /* GameScene.swift */ = {isa = PBXFileReference; lastKnownFileType = sourcecode.swift; path = GameScene.swift; sourceTree = "<group>"; };
		561B68C32CA01E9500CE0C88 /* GameViewController.swift */ = {isa = PBXFileReference; lastKnownFileType = sourcecode.swift; path = GameViewController.swift; sourceTree = "<group>"; };
		561B68C62CA01E9500CE0C88 /* Base */ = {isa = PBXFileReference; lastKnownFileType = file.storyboard; name = Base; path = Base.lproj/Main.storyboard; sourceTree = "<group>"; };
		561B68C82CA01E9700CE0C88 /* Assets.xcassets */ = {isa = PBXFileReference; lastKnownFileType = folder.assetcatalog; path = Assets.xcassets; sourceTree = "<group>"; };
		561B68CB2CA01E9700CE0C88 /* Base */ = {isa = PBXFileReference; lastKnownFileType = file.storyboard; name = Base; path = Base.lproj/LaunchScreen.storyboard; sourceTree = "<group>"; };
/* End PBXFileReference section */

/* Begin PBXFrameworksBuildPhase section */
		561B68B52CA01E9400CE0C88 /* Frameworks */ = {
			isa = PBXFrameworksBuildPhase;
			buildActionMask = 2147483647;
			files = (
			);
			runOnlyForDeploymentPostprocessing = 0;
		};
/* End PBXFrameworksBuildPhase section */

/* Begin PBXGroup section */
		561B68AF2CA01E9400CE0C88 = {
			isa = PBXGroup;
			children = (
				561B68BA2CA01E9400CE0C88 /* Space Dodger */,
				561B68B92CA01E9400CE0C88 /* Products */,
			);
			sourceTree = "<group>";
		};
		561B68B92CA01E9400CE0C88 /* Products */ = {
			isa = PBXGroup;
			children = (
				561B68B82CA01E9400CE0C88 /* Space Dodger.app */,
			);
			name = Products;
			sourceTree = "<group>";
		};
		561B68BA2CA01E9400CE0C88 /* Space Dodger */ = {
			isa = PBXGroup;
			children = (
				560BD0942CBD2D4700DC728F /* PhysicsCategory.swift */,
				561B68BB2CA01E9400CE0C88 /* AppDelegate.swift */,
				561B68BD2CA01E9500CE0C88 /* GameScene.sks */,
				561B68BF2CA01E9500CE0C88 /* Actions.sks */,
				561B68C12CA01E9500CE0C88 /* GameScene.swift */,
				561B68C32CA01E9500CE0C88 /* GameViewController.swift */,
				561B68C52CA01E9500CE0C88 /* Main.storyboard */,
				561B68C82CA01E9700CE0C88 /* Assets.xcassets */,
				561B68CA2CA01E9700CE0C88 /* LaunchScreen.storyboard */,
				560BD09C2CBD2D9500DC728F /* MainMenu.swift */,
				560BD09A2CBD2D8100DC728F /* CollisionHandler.swift */,
				560BD0982CBD2D7100DC728F /* GameObjectSpawner.swift */,
				560BD0962CBD2D5D00DC728F /* Constants.swift */,
				560BD09E2CBD2EF800DC728F /* HUD.swift */,
				560BD0A02CBD2F5400DC728F /* Ship.swift */,
				560BD0A22CBD2F8B00DC728F /* LadderBoard.swift */,
				560BD0A62CBD317A00DC728F /* FuelBonus.swift */,
			);
			path = "Space Dodger";
			sourceTree = "<group>";
		};
/* End PBXGroup section */

/* Begin PBXNativeTarget section */
		561B68B72CA01E9400CE0C88 /* Space Dodger */ = {
			isa = PBXNativeTarget;
			buildConfigurationList = 561B68CF2CA01E9700CE0C88 /* Build configuration list for PBXNativeTarget "Space Dodger" */;
			buildPhases = (
				561B68B42CA01E9400CE0C88 /* Sources */,
				561B68B52CA01E9400CE0C88 /* Frameworks */,
				561B68B62CA01E9400CE0C88 /* Resources */,
			);
			buildRules = (
			);
			dependencies = (
			);
			name = "Space Dodger";
			productName = "Space Dodger";
			productReference = 561B68B82CA01E9400CE0C88 /* Space Dodger.app */;
			productType = "com.apple.product-type.application";
		};
/* End PBXNativeTarget section */

/* Begin PBXProject section */
		561B68B02CA01E9400CE0C88 /* Project object */ = {
			isa = PBXProject;
			attributes = {
				BuildIndependentTargetsInParallel = 1;
				LastSwiftUpdateCheck = 1500;
				LastUpgradeCheck = 1500;
				TargetAttributes = {
					561B68B72CA01E9400CE0C88 = {
						CreatedOnToolsVersion = 15.0;
					};
				};
			};
			buildConfigurationList = 561B68B32CA01E9400CE0C88 /* Build configuration list for PBXProject "Space Dodger" */;
			compatibilityVersion = "Xcode 14.0";
			developmentRegion = en;
			hasScannedForEncodings = 0;
			knownRegions = (
				en,
				Base,
			);
			mainGroup = 561B68AF2CA01E9400CE0C88;
			productRefGroup = 561B68B92CA01E9400CE0C88 /* Products */;
			projectDirPath = "";
			projectRoot = "";
			targets = (
				561B68B72CA01E9400CE0C88 /* Space Dodger */,
			);
		};
/* End PBXProject section */

/* Begin PBXResourcesBuildPhase section */
		561B68B62CA01E9400CE0C88 /* Resources */ = {
			isa = PBXResourcesBuildPhase;
			buildActionMask = 2147483647;
			files = (
				561B68C72CA01E9500CE0C88 /* Main.storyboard in Resources */,
				561B68BE2CA01E9500CE0C88 /* GameScene.sks in Resources */,
				561B68C92CA01E9700CE0C88 /* Assets.xcassets in Resources */,
				561B68CC2CA01E9700CE0C88 /* LaunchScreen.storyboard in Resources */,
				561B68C02CA01E9500CE0C88 /* Actions.sks in Resources */,
			);
			runOnlyForDeploymentPostprocessing = 0;
		};
/* End PBXResourcesBuildPhase section */

/* Begin PBXSourcesBuildPhase section */
		561B68B42CA01E9400CE0C88 /* Sources */ = {
			isa = PBXSourcesBuildPhase;
			buildActionMask = 2147483647;
			files = (
				560BD0A32CBD2F8B00DC728F /* LadderBoard.swift in Sources */,
				560BD0A72CBD317A00DC728F /* FuelBonus.swift in Sources */,
				560BD0972CBD2D5D00DC728F /* Constants.swift in Sources */,
				560BD09B2CBD2D8100DC728F /* CollisionHandler.swift in Sources */,
				561B68C22CA01E9500CE0C88 /* GameScene.swift in Sources */,
				560BD09D2CBD2D9500DC728F /* MainMenu.swift in Sources */,
				560BD0952CBD2D4700DC728F /* PhysicsCategory.swift in Sources */,
				560BD0992CBD2D7100DC728F /* GameObjectSpawner.swift in Sources */,
				560BD09F2CBD2EF800DC728F /* HUD.swift in Sources */,
				561B68C42CA01E9500CE0C88 /* GameViewController.swift in Sources */,
				561B68BC2CA01E9400CE0C88 /* AppDelegate.swift in Sources */,
				560BD0A12CBD2F5400DC728F /* Ship.swift in Sources */,
			);
			runOnlyForDeploymentPostprocessing = 0;
		};
/* End PBXSourcesBuildPhase section */

/* Begin PBXVariantGroup section */
		561B68C52CA01E9500CE0C88 /* Main.storyboard */ = {
			isa = PBXVariantGroup;
			children = (
				561B68C62CA01E9500CE0C88 /* Base */,
			);
			name = Main.storyboard;
			sourceTree = "<group>";
		};
		561B68CA2CA01E9700CE0C88 /* LaunchScreen.storyboard */ = {
			isa = PBXVariantGroup;
			children = (
				561B68CB2CA01E9700CE0C88 /* Base */,
			);
			name = LaunchScreen.storyboard;
			sourceTree = "<group>";
		};
/* End PBXVariantGroup section */

/* Begin XCBuildConfiguration section */
		561B68CD2CA01E9700CE0C88 /* Debug */ = {
			isa = XCBuildConfiguration;
			buildSettings = {
				ALWAYS_SEARCH_USER_PATHS = NO;
				ASSETCATALOG_COMPILER_GENERATE_SWIFT_ASSET_SYMBOL_EXTENSIONS = YES;
				CLANG_ANALYZER_NONNULL = YES;
				CLANG_ANALYZER_NUMBER_OBJECT_CONVERSION = YES_AGGRESSIVE;
				CLANG_CXX_LANGUAGE_STANDARD = "gnu++20";
				CLANG_ENABLE_MODULES = YES;
				CLANG_ENABLE_OBJC_ARC = YES;
				CLANG_ENABLE_OBJC_WEAK = YES;
				CLANG_WARN_BLOCK_CAPTURE_AUTORELEASING = YES;
				CLANG_WARN_BOOL_CONVERSION = YES;
				CLANG_WARN_COMMA = YES;
				CLANG_WARN_CONSTANT_CONVERSION = YES;
				CLANG_WARN_DEPRECATED_OBJC_IMPLEMENTATIONS = YES;
				CLANG_WARN_DIRECT_OBJC_ISA_USAGE = YES_ERROR;
				CLANG_WARN_DOCUMENTATION_COMMENTS = YES;
				CLANG_WARN_EMPTY_BODY = YES;
				CLANG_WARN_ENUM_CONVERSION = YES;
				CLANG_WARN_INFINITE_RECURSION = YES;
				CLANG_WARN_INT_CONVERSION = YES;
				CLANG_WARN_NON_LITERAL_NULL_CONVERSION = YES;
				CLANG_WARN_OBJC_IMPLICIT_RETAIN_SELF = YES;
				CLANG_WARN_OBJC_LITERAL_CONVERSION = YES;
				CLANG_WARN_OBJC_ROOT_CLASS = YES_ERROR;
				CLANG_WARN_QUOTED_INCLUDE_IN_FRAMEWORK_HEADER = YES;
				CLANG_WARN_RANGE_LOOP_ANALYSIS = YES;
				CLANG_WARN_STRICT_PROTOTYPES = YES;
				CLANG_WARN_SUSPICIOUS_MOVE = YES;
				CLANG_WARN_UNGUARDED_AVAILABILITY = YES_AGGRESSIVE;
				CLANG_WARN_UNREACHABLE_CODE = YES;
				CLANG_WARN__DUPLICATE_METHOD_MATCH = YES;
				COPY_PHASE_STRIP = NO;
				DEBUG_INFORMATION_FORMAT = dwarf;
				ENABLE_STRICT_OBJC_MSGSEND = YES;
				ENABLE_TESTABILITY = YES;
				ENABLE_USER_SCRIPT_SANDBOXING = YES;
				GCC_C_LANGUAGE_STANDARD = gnu17;
				GCC_DYNAMIC_NO_PIC = NO;
				GCC_NO_COMMON_BLOCKS = YES;
				GCC_OPTIMIZATION_LEVEL = 0;
				GCC_PREPROCESSOR_DEFINITIONS = (
					"DEBUG=1",
					"$(inherited)",
				);
				GCC_WARN_64_TO_32_BIT_CONVERSION = YES;
				GCC_WARN_ABOUT_RETURN_TYPE = YES_ERROR;
				GCC_WARN_UNDECLARED_SELECTOR = YES;
				GCC_WARN_UNINITIALIZED_AUTOS = YES_AGGRESSIVE;
				GCC_WARN_UNUSED_FUNCTION = YES;
				GCC_WARN_UNUSED_VARIABLE = YES;
				IPHONEOS_DEPLOYMENT_TARGET = 17.0;
				LOCALIZATION_PREFERS_STRING_CATALOGS = YES;
				MTL_ENABLE_DEBUG_INFO = INCLUDE_SOURCE;
				MTL_FAST_MATH = YES;
				ONLY_ACTIVE_ARCH = YES;
				SDKROOT = iphoneos;
				SWIFT_ACTIVE_COMPILATION_CONDITIONS = "DEBUG $(inherited)";
				SWIFT_OPTIMIZATION_LEVEL = "-Onone";
			};
			name = Debug;
		};
		561B68CE2CA01E9700CE0C88 /* Release */ = {
			isa = XCBuildConfiguration;
			buildSettings = {
				ALWAYS_SEARCH_USER_PATHS = NO;
				ASSETCATALOG_COMPILER_GENERATE_SWIFT_ASSET_SYMBOL_EXTENSIONS = YES;
				CLANG_ANALYZER_NONNULL = YES;
				CLANG_ANALYZER_NUMBER_OBJECT_CONVERSION = YES_AGGRESSIVE;
				CLANG_CXX_LANGUAGE_STANDARD = "gnu++20";
				CLANG_ENABLE_MODULES = YES;
				CLANG_ENABLE_OBJC_ARC = YES;
				CLANG_ENABLE_OBJC_WEAK = YES;
				CLANG_WARN_BLOCK_CAPTURE_AUTORELEASING = YES;
				CLANG_WARN_BOOL_CONVERSION = YES;
				CLANG_WARN_COMMA = YES;
				CLANG_WARN_CONSTANT_CONVERSION = YES;
				CLANG_WARN_DEPRECATED_OBJC_IMPLEMENTATIONS = YES;
				CLANG_WARN_DIRECT_OBJC_ISA_USAGE = YES_ERROR;
				CLANG_WARN_DOCUMENTATION_COMMENTS = YES;
				CLANG_WARN_EMPTY_BODY = YES;
				CLANG_WARN_ENUM_CONVERSION = YES;
				CLANG_WARN_INFINITE_RECURSION = YES;
				CLANG_WARN_INT_CONVERSION = YES;
				CLANG_WARN_NON_LITERAL_NULL_CONVERSION = YES;
				CLANG_WARN_OBJC_IMPLICIT_RETAIN_SELF = YES;
				CLANG_WARN_OBJC_LITERAL_CONVERSION = YES;
				CLANG_WARN_OBJC_ROOT_CLASS = YES_ERROR;
				CLANG_WARN_QUOTED_INCLUDE_IN_FRAMEWORK_HEADER = YES;
				CLANG_WARN_RANGE_LOOP_ANALYSIS = YES;
				CLANG_WARN_STRICT_PROTOTYPES = YES;
				CLANG_WARN_SUSPICIOUS_MOVE = YES;
				CLANG_WARN_UNGUARDED_AVAILABILITY = YES_AGGRESSIVE;
				CLANG_WARN_UNREACHABLE_CODE = YES;
				CLANG_WARN__DUPLICATE_METHOD_MATCH = YES;
				COPY_PHASE_STRIP = NO;
				DEBUG_INFORMATION_FORMAT = "dwarf-with-dsym";
				ENABLE_NS_ASSERTIONS = NO;
				ENABLE_STRICT_OBJC_MSGSEND = YES;
				ENABLE_USER_SCRIPT_SANDBOXING = YES;
				GCC_C_LANGUAGE_STANDARD = gnu17;
				GCC_NO_COMMON_BLOCKS = YES;
				GCC_WARN_64_TO_32_BIT_CONVERSION = YES;
				GCC_WARN_ABOUT_RETURN_TYPE = YES_ERROR;
				GCC_WARN_UNDECLARED_SELECTOR = YES;
				GCC_WARN_UNINITIALIZED_AUTOS = YES_AGGRESSIVE;
				GCC_WARN_UNUSED_FUNCTION = YES;
				GCC_WARN_UNUSED_VARIABLE = YES;
				IPHONEOS_DEPLOYMENT_TARGET = 17.0;
				LOCALIZATION_PREFERS_STRING_CATALOGS = YES;
				MTL_ENABLE_DEBUG_INFO = NO;
				MTL_FAST_MATH = YES;
				SDKROOT = iphoneos;
				SWIFT_COMPILATION_MODE = wholemodule;
				VALIDATE_PRODUCT = YES;
			};
			name = Release;
		};
		561B68D02CA01E9700CE0C88 /* Debug */ = {
			isa = XCBuildConfiguration;
			buildSettings = {
				ASSETCATALOG_COMPILER_APPICON_NAME = AppIcon;
				ASSETCATALOG_COMPILER_GLOBAL_ACCENT_COLOR_NAME = AccentColor;
				CODE_SIGN_STYLE = Automatic;
				CURRENT_PROJECT_VERSION = 1;
				GENERATE_INFOPLIST_FILE = YES;
				INFOPLIST_KEY_UIApplicationSupportsIndirectInputEvents = YES;
				INFOPLIST_KEY_UILaunchStoryboardName = LaunchScreen;
				INFOPLIST_KEY_UIMainStoryboardFile = Main;
				INFOPLIST_KEY_UIStatusBarHidden = YES;
				INFOPLIST_KEY_UISupportedInterfaceOrientations_iPad = "UIInterfaceOrientationPortrait UIInterfaceOrientationPortraitUpsideDown UIInterfaceOrientationLandscapeLeft UIInterfaceOrientationLandscapeRight";
				INFOPLIST_KEY_UISupportedInterfaceOrientations_iPhone = "UIInterfaceOrientationPortrait UIInterfaceOrientationLandscapeLeft UIInterfaceOrientationLandscapeRight";
				LD_RUNPATH_SEARCH_PATHS = (
					"$(inherited)",
					"@executable_path/Frameworks",
				);
				MARKETING_VERSION = 1.0;
				PRODUCT_BUNDLE_IDENTIFIER = "com.kovalev.Space-Dodger";
				PRODUCT_NAME = "$(TARGET_NAME)";
				SWIFT_EMIT_LOC_STRINGS = YES;
				SWIFT_VERSION = 5.0;
				TARGETED_DEVICE_FAMILY = "1,2";
			};
			name = Debug;
		};
		561B68D12CA01E9700CE0C88 /* Release */ = {
			isa = XCBuildConfiguration;
			buildSettings = {
				ASSETCATALOG_COMPILER_APPICON_NAME = AppIcon;
				ASSETCATALOG_COMPILER_GLOBAL_ACCENT_COLOR_NAME = AccentColor;
				CODE_SIGN_STYLE = Automatic;
				CURRENT_PROJECT_VERSION = 1;
				GENERATE_INFOPLIST_FILE = YES;
				INFOPLIST_KEY_UIApplicationSupportsIndirectInputEvents = YES;
				INFOPLIST_KEY_UILaunchStoryboardName = LaunchScreen;
				INFOPLIST_KEY_UIMainStoryboardFile = Main;
				INFOPLIST_KEY_UIStatusBarHidden = YES;
				INFOPLIST_KEY_UISupportedInterfaceOrientations_iPad = "UIInterfaceOrientationPortrait UIInterfaceOrientationPortraitUpsideDown UIInterfaceOrientationLandscapeLeft UIInterfaceOrientationLandscapeRight";
				INFOPLIST_KEY_UISupportedInterfaceOrientations_iPhone = "UIInterfaceOrientationPortrait UIInterfaceOrientationLandscapeLeft UIInterfaceOrientationLandscapeRight";
				LD_RUNPATH_SEARCH_PATHS = (
					"$(inherited)",
					"@executable_path/Frameworks",
				);
				MARKETING_VERSION = 1.0;
				PRODUCT_BUNDLE_IDENTIFIER = "com.kovalev.Space-Dodger";
				PRODUCT_NAME = "$(TARGET_NAME)";
				SWIFT_EMIT_LOC_STRINGS = YES;
				SWIFT_VERSION = 5.0;
				TARGETED_DEVICE_FAMILY = "1,2";
			};
			name = Release;
		};
/* End XCBuildConfiguration section */

/* Begin XCConfigurationList section */
		561B68B32CA01E9400CE0C88 /* Build configuration list for PBXProject "Space Dodger" */ = {
			isa = XCConfigurationList;
			buildConfigurations = (
				561B68CD2CA01E9700CE0C88 /* Debug */,
				561B68CE2CA01E9700CE0C88 /* Release */,
			);
			defaultConfigurationIsVisible = 0;
			defaultConfigurationName = Release;
		};
		561B68CF2CA01E9700CE0C88 /* Build configuration list for PBXNativeTarget "Space Dodger" */ = {
			isa = XCConfigurationList;
			buildConfigurations = (
				561B68D02CA01E9700CE0C88 /* Debug */,
				561B68D12CA01E9700CE0C88 /* Release */,
			);
			defaultConfigurationIsVisible = 0;
			defaultConfigurationName = Release;
		};
/* End XCConfigurationList section */
	};
	rootObject = 561B68B02CA01E9400CE0C88 /* Project object */;
}
